PODS:
  - JCPulseAnimator (0.0.6)

DEPENDENCIES:
  - JCPulseAnimator (~> 0.0.6)

SPEC REPOS:
  https://github.com/jmcur/JCPulseAnimator.git:
    - JCPulseAnimator

SPEC CHECKSUMS:
  JCPulseAnimator: e35861d8bbce03327b1ab6201d05fb311bc6a22c

PODFILE CHECKSUM: c5a20868f8b49cd29df1c02a80c2d24fe1387b32

COCOAPODS: 1.5.3
