// !$*UTF8*$!
{
	archiveVersion = 1;
	classes = {
	};
	objectVersion = 50;
	objects = {

/* Begin PBXBuildFile section */
		B03F5545220315530085CEB1 /* AppDelegate.swift in Sources */ = {isa = PBXBuildFile; fileRef = B03F5544220315530085CEB1 /* AppDelegate.swift */; };
		B03F5547220315530085CEB1 /* ViewController.swift in Sources */ = {isa = PBXBuildFile; fileRef = B03F5546220315530085CEB1 /* ViewController.swift */; };
		B03F554A220315530085CEB1 /* Main.storyboard in Resources */ = {isa = PBXBuildFile; fileRef = B03F5548220315530085CEB1 /* Main.storyboard */; };
		B03F554C220315550085CEB1 /* Assets.xcassets in Resources */ = {isa = PBXBuildFile; fileRef = B03F554B220315550085CEB1 /* Assets.xcassets */; };
		B03F554F220315550085CEB1 /* LaunchScreen.storyboard in Resources */ = {isa = PBXBuildFile; fileRef = B03F554D220315550085CEB1 /* LaunchScreen.storyboard */; };
		B03F5568220315BD0085CEB1 /* JCPulseAnimator.framework in Frameworks */ = {isa = PBXBuildFile; fileRef = B03F55652203157F0085CEB1 /* JCPulseAnimator.framework */; };
		B03F5569220315BD0085CEB1 /* JCPulseAnimator.framework in Embed Frameworks */ = {isa = PBXBuildFile; fileRef = B03F55652203157F0085CEB1 /* JCPulseAnimator.framework */; settings = {ATTRIBUTES = (CodeSignOnCopy, RemoveHeadersOnCopy, ); }; };
		F99C2F9CC7401F080B8E60BD /* Pods_JCPulseAnimatorExample.framework in Frameworks */ = {isa = PBXBuildFile; fileRef = 4452FBBB702BDDF7F4EB6520 /* Pods_JCPulseAnimatorExample.framework */; };
/* End PBXBuildFile section */

/* Begin PBXContainerItemProxy section */
		B03F55642203157F0085CEB1 /* PBXContainerItemProxy */ = {
			isa = PBXContainerItemProxy;
			containerPortal = B03F555F2203157F0085CEB1 /* JCPulseAnimator.xcodeproj */;
			proxyType = 2;
			remoteGlobalIDString = B03F551A220312520085CEB1;
			remoteInfo = JCPulseAnimator;
		};
		B03F55662203157F0085CEB1 /* PBXContainerItemProxy */ = {
			isa = PBXContainerItemProxy;
			containerPortal = B03F555F2203157F0085CEB1 /* JCPulseAnimator.xcodeproj */;
			proxyType = 2;
			remoteGlobalIDString = B03F5523220312520085CEB1;
			remoteInfo = JCPulseAnimatorTests;
		};
		B03F556A220315BD0085CEB1 /* PBXContainerItemProxy */ = {
			isa = PBXContainerItemProxy;
			containerPortal = B03F555F2203157F0085CEB1 /* JCPulseAnimator.xcodeproj */;
			proxyType = 1;
			remoteGlobalIDString = B03F5519220312520085CEB1;
			remoteInfo = JCPulseAnimator;
		};
/* End PBXContainerItemProxy section */

/* Begin PBXCopyFilesBuildPhase section */
		B03F556C220315BE0085CEB1 /* Embed Frameworks */ = {
			isa = PBXCopyFilesBuildPhase;
			buildActionMask = 2147483647;
			dstPath = "";
			dstSubfolderSpec = 10;
			files = (
				B03F5569220315BD0085CEB1 /* JCPulseAnimator.framework in Embed Frameworks */,
			);
			name = "Embed Frameworks";
			runOnlyForDeploymentPostprocessing = 0;
		};
/* End PBXCopyFilesBuildPhase section */

/* Begin PBXFileReference section */
		4452FBBB702BDDF7F4EB6520 /* Pods_JCPulseAnimatorExample.framework */ = {isa = PBXFileReference; explicitFileType = wrapper.framework; includeInIndex = 0; path = Pods_JCPulseAnimatorExample.framework; sourceTree = BUILT_PRODUCTS_DIR; };
		763767D6207B40DBCF3C89AB /* Pods-JCPulseAnimatorExample.debug.xcconfig */ = {isa = PBXFileReference; includeInIndex = 1; lastKnownFileType = text.xcconfig; name = "Pods-JCPulseAnimatorExample.debug.xcconfig"; path = "Pods/Target Support Files/Pods-JCPulseAnimatorExample/Pods-JCPulseAnimatorExample.debug.xcconfig"; sourceTree = "<group>"; };
		A709EAFEBD392CD28E44E8B9 /* Pods-JCPulseAnimatorExample.release.xcconfig */ = {isa = PBXFileReference; includeInIndex = 1; lastKnownFileType = text.xcconfig; name = "Pods-JCPulseAnimatorExample.release.xcconfig"; path = "Pods/Target Support Files/Pods-JCPulseAnimatorExample/Pods-JCPulseAnimatorExample.release.xcconfig"; sourceTree = "<group>"; };
		B03F5541220315530085CEB1 /* JCPulseAnimatorExample.app */ = {isa = PBXFileReference; explicitFileType = wrapper.application; includeInIndex = 0; path = JCPulseAnimatorExample.app; sourceTree = BUILT_PRODUCTS_DIR; };
		B03F5544220315530085CEB1 /* AppDelegate.swift */ = {isa = PBXFileReference; lastKnownFileType = sourcecode.swift; path = AppDelegate.swift; sourceTree = "<group>"; };
		B03F5546220315530085CEB1 /* ViewController.swift */ = {isa = PBXFileReference; lastKnownFileType = sourcecode.swift; path = ViewController.swift; sourceTree = "<group>"; };
		B03F5549220315530085CEB1 /* Base */ = {isa = PBXFileReference; lastKnownFileType = file.storyboard; name = Base; path = Base.lproj/Main.storyboard; sourceTree = "<group>"; };
		B03F554B220315550085CEB1 /* Assets.xcassets */ = {isa = PBXFileReference; lastKnownFileType = folder.assetcatalog; path = Assets.xcassets; sourceTree = "<group>"; };
		B03F554E220315550085CEB1 /* Base */ = {isa = PBXFileReference; lastKnownFileType = file.storyboard; name = Base; path = Base.lproj/LaunchScreen.storyboard; sourceTree = "<group>"; };
		B03F5550220315550085CEB1 /* Info.plist */ = {isa = PBXFileReference; lastKnownFileType = text.plist.xml; path = Info.plist; sourceTree = "<group>"; };
		B03F555F2203157F0085CEB1 /* JCPulseAnimator.xcodeproj */ = {isa = PBXFileReference; lastKnownFileType = "wrapper.pb-project"; name = JCPulseAnimator.xcodeproj; path = ../JCPulseAnimator.xcodeproj; sourceTree = "<group>"; };
/* End PBXFileReference section */

/* Begin PBXFrameworksBuildPhase section */
		B03F553E220315530085CEB1 /* Frameworks */ = {
			isa = PBXFrameworksBuildPhase;
			buildActionMask = 2147483647;
			files = (
				B03F5568220315BD0085CEB1 /* JCPulseAnimator.framework in Frameworks */,
				F99C2F9CC7401F080B8E60BD /* Pods_JCPulseAnimatorExample.framework in Frameworks */,
			);
			runOnlyForDeploymentPostprocessing = 0;
		};
/* End PBXFrameworksBuildPhase section */

/* Begin PBXGroup section */
		062F7623548B4CF45BB04F23 /* Frameworks */ = {
			isa = PBXGroup;
			children = (
				4452FBBB702BDDF7F4EB6520 /* Pods_JCPulseAnimatorExample.framework */,
			);
			name = Frameworks;
			sourceTree = "<group>";
		};
		11A6F59EC64CE77D75455F7E /* Pods */ = {
			isa = PBXGroup;
			children = (
				763767D6207B40DBCF3C89AB /* Pods-JCPulseAnimatorExample.debug.xcconfig */,
				A709EAFEBD392CD28E44E8B9 /* Pods-JCPulseAnimatorExample.release.xcconfig */,
			);
			name = Pods;
			sourceTree = "<group>";
		};
		B03F5538220315530085CEB1 = {
			isa = PBXGroup;
			children = (
				B03F555F2203157F0085CEB1 /* JCPulseAnimator.xcodeproj */,
				B03F5543220315530085CEB1 /* JCPulseAnimatorExample */,
				B03F5542220315530085CEB1 /* Products */,
				11A6F59EC64CE77D75455F7E /* Pods */,
				062F7623548B4CF45BB04F23 /* Frameworks */,
			);
			sourceTree = "<group>";
		};
		B03F5542220315530085CEB1 /* Products */ = {
			isa = PBXGroup;
			children = (
				B03F5541220315530085CEB1 /* JCPulseAnimatorExample.app */,
			);
			name = Products;
			sourceTree = "<group>";
		};
		B03F5543220315530085CEB1 /* JCPulseAnimatorExample */ = {
			isa = PBXGroup;
			children = (
				B03F5544220315530085CEB1 /* AppDelegate.swift */,
				B03F5546220315530085CEB1 /* ViewController.swift */,
				B03F5548220315530085CEB1 /* Main.storyboard */,
				B03F554B220315550085CEB1 /* Assets.xcassets */,
				B03F554D220315550085CEB1 /* LaunchScreen.storyboard */,
				B03F5550220315550085CEB1 /* Info.plist */,
			);
			path = JCPulseAnimatorExample;
			sourceTree = "<group>";
		};
		B03F55602203157F0085CEB1 /* Products */ = {
			isa = PBXGroup;
			children = (
				B03F55652203157F0085CEB1 /* JCPulseAnimator.framework */,
				B03F55672203157F0085CEB1 /* JCPulseAnimatorTests.xctest */,
			);
			name = Products;
			sourceTree = "<group>";
		};
/* End PBXGroup section */

/* Begin PBXNativeTarget section */
		B03F5540220315530085CEB1 /* JCPulseAnimatorExample */ = {
			isa = PBXNativeTarget;
			buildConfigurationList = B03F5553220315550085CEB1 /* Build configuration list for PBXNativeTarget "JCPulseAnimatorExample" */;
			buildPhases = (
				F59CB3C9182F0136CCDD37C8 /* [CP] Check Pods Manifest.lock */,
				B03F553D220315530085CEB1 /* Sources */,
				B03F553E220315530085CEB1 /* Frameworks */,
				B03F553F220315530085CEB1 /* Resources */,
				B03F556C220315BE0085CEB1 /* Embed Frameworks */,
				1C557850D020A03791D2A4A1 /* [CP] Embed Pods Frameworks */,
			);
			buildRules = (
			);
			dependencies = (
				B03F556B220315BD0085CEB1 /* PBXTargetDependency */,
			);
			name = JCPulseAnimatorExample;
			productName = JCPulseAnimatorExample;
			productReference = B03F5541220315530085CEB1 /* JCPulseAnimatorExample.app */;
			productType = "com.apple.product-type.application";
		};
/* End PBXNativeTarget section */

/* Begin PBXProject section */
		B03F5539220315530085CEB1 /* Project object */ = {
			isa = PBXProject;
			attributes = {
				LastSwiftUpdateCheck = 1010;
				LastUpgradeCheck = 1010;
				ORGANIZATIONNAME = "Juan Curti";
				TargetAttributes = {
					B03F5540220315530085CEB1 = {
						CreatedOnToolsVersion = 10.1;
					};
				};
			};
			buildConfigurationList = B03F553C220315530085CEB1 /* Build configuration list for PBXProject "JCPulseAnimatorExample" */;
			compatibilityVersion = "Xcode 9.3";
			developmentRegion = en;
			hasScannedForEncodings = 0;
			knownRegions = (
				en,
				Base,
			);
			mainGroup = B03F5538220315530085CEB1;
			productRefGroup = B03F5542220315530085CEB1 /* Products */;
			projectDirPath = "";
			projectReferences = (
				{
					ProductGroup = B03F55602203157F0085CEB1 /* Products */;
					ProjectRef = B03F555F2203157F0085CEB1 /* JCPulseAnimator.xcodeproj */;
				},
			);
			projectRoot = "";
			targets = (
				B03F5540220315530085CEB1 /* JCPulseAnimatorExample */,
			);
		};
/* End PBXProject section */

/* Begin PBXReferenceProxy section */
		B03F55652203157F0085CEB1 /* JCPulseAnimator.framework */ = {
			isa = PBXReferenceProxy;
			fileType = wrapper.framework;
			path = JCPulseAnimator.framework;
			remoteRef = B03F55642203157F0085CEB1 /* PBXContainerItemProxy */;
			sourceTree = BUILT_PRODUCTS_DIR;
		};
		B03F55672203157F0085CEB1 /* JCPulseAnimatorTests.xctest */ = {
			isa = PBXReferenceProxy;
			fileType = wrapper.cfbundle;
			path = JCPulseAnimatorTests.xctest;
			remoteRef = B03F55662203157F0085CEB1 /* PBXContainerItemProxy */;
			sourceTree = BUILT_PRODUCTS_DIR;
		};
/* End PBXReferenceProxy section */

/* Begin PBXResourcesBuildPhase section */
		B03F553F220315530085CEB1 /* Resources */ = {
			isa = PBXResourcesBuildPhase;
			buildActionMask = 2147483647;
			files = (
				B03F554F220315550085CEB1 /* LaunchScreen.storyboard in Resources */,
				B03F554C220315550085CEB1 /* Assets.xcassets in Resources */,
				B03F554A220315530085CEB1 /* Main.storyboard in Resources */,
			);
			runOnlyForDeploymentPostprocessing = 0;
		};
/* End PBXResourcesBuildPhase section */

/* Begin PBXShellScriptBuildPhase section */
		1C557850D020A03791D2A4A1 /* [CP] Embed Pods Frameworks */ = {
			isa = PBXShellScriptBuildPhase;
			buildActionMask = 2147483647;
			files = (
			);
			inputFileListPaths = (
			);
			inputPaths = (
				"${SRCROOT}/Pods/Target Support Files/Pods-JCPulseAnimatorExample/Pods-JCPulseAnimatorExample-frameworks.sh",
			);
			name = "[CP] Embed Pods Frameworks";
			outputFileListPaths = (
			);
			outputPaths = (
			);
			runOnlyForDeploymentPostprocessing = 0;
			shellPath = /bin/sh;
			shellScript = "\"${SRCROOT}/Pods/Target Support Files/Pods-JCPulseAnimatorExample/Pods-JCPulseAnimatorExample-frameworks.sh\"\n";
			showEnvVarsInLog = 0;
		};
		F59CB3C9182F0136CCDD37C8 /* [CP] Check Pods Manifest.lock */ = {
			isa = PBXShellScriptBuildPhase;
			buildActionMask = 2147483647;
			files = (
			);
			inputFileListPaths = (
			);
			inputPaths = (
				"${PODS_PODFILE_DIR_PATH}/Podfile.lock",
				"${PODS_ROOT}/Manifest.lock",
			);
			name = "[CP] Check Pods Manifest.lock";
			outputFileListPaths = (
			);
			outputPaths = (
				"$(DERIVED_FILE_DIR)/Pods-JCPulseAnimatorExample-checkManifestLockResult.txt",
			);
			runOnlyForDeploymentPostprocessing = 0;
			shellPath = /bin/sh;
			shellScript = "diff \"${PODS_PODFILE_DIR_PATH}/Podfile.lock\" \"${PODS_ROOT}/Manifest.lock\" > /dev/null\nif [ $? != 0 ] ; then\n    # print error to STDERR\n    echo \"error: The sandbox is not in sync with the Podfile.lock. Run 'pod install' or update your CocoaPods installation.\" >&2\n    exit 1\nfi\n# This output is used by Xcode 'outputs' to avoid re-running this script phase.\necho \"SUCCESS\" > \"${SCRIPT_OUTPUT_FILE_0}\"\n";
			showEnvVarsInLog = 0;
		};
/* End PBXShellScriptBuildPhase section */

/* Begin PBXSourcesBuildPhase section */
		B03F553D220315530085CEB1 /* Sources */ = {
			isa = PBXSourcesBuildPhase;
			buildActionMask = 2147483647;
			files = (
				B03F5547220315530085CEB1 /* ViewController.swift in Sources */,
				B03F5545220315530085CEB1 /* AppDelegate.swift in Sources */,
			);
			runOnlyForDeploymentPostprocessing = 0;
		};
/* End PBXSourcesBuildPhase section */

/* Begin PBXTargetDependency section */
		B03F556B220315BD0085CEB1 /* PBXTargetDependency */ = {
			isa = PBXTargetDependency;
			name = JCPulseAnimator;
			targetProxy = B03F556A220315BD0085CEB1 /* PBXContainerItemProxy */;
		};
/* End PBXTargetDependency section */

/* Begin PBXVariantGroup section */
		B03F5548220315530085CEB1 /* Main.storyboard */ = {
			isa = PBXVariantGroup;
			children = (
				B03F5549220315530085CEB1 /* Base */,
			);
			name = Main.storyboard;
			sourceTree = "<group>";
		};
		B03F554D220315550085CEB1 /* LaunchScreen.storyboard */ = {
			isa = PBXVariantGroup;
			children = (
				B03F554E220315550085CEB1 /* Base */,
			);
			name = LaunchScreen.storyboard;
			sourceTree = "<group>";
		};
/* End PBXVariantGroup section */

/* Begin XCBuildConfiguration section */
		B03F5551220315550085CEB1 /* Debug */ = {
			isa = XCBuildConfiguration;
			buildSettings = {
				ALWAYS_SEARCH_USER_PATHS = NO;
				CLANG_ANALYZER_NONNULL = YES;
				CLANG_ANALYZER_NUMBER_OBJECT_CONVERSION = YES_AGGRESSIVE;
				CLANG_CXX_LANGUAGE_STANDARD = "gnu++14";
				CLANG_CXX_LIBRARY = "libc++";
				CLANG_ENABLE_MODULES = YES;
				CLANG_ENABLE_OBJC_ARC = YES;
				CLANG_ENABLE_OBJC_WEAK = YES;
				CLANG_WARN_BLOCK_CAPTURE_AUTORELEASING = YES;
				CLANG_WARN_BOOL_CONVERSION = YES;
				CLANG_WARN_COMMA = YES;
				CLANG_WARN_CONSTANT_CONVERSION = YES;
				CLANG_WARN_DEPRECATED_OBJC_IMPLEMENTATIONS = YES;
				CLANG_WARN_DIRECT_OBJC_ISA_USAGE = YES_ERROR;
				CLANG_WARN_DOCUMENTATION_COMMENTS = YES;
				CLANG_WARN_EMPTY_BODY = YES;
				CLANG_WARN_ENUM_CONVERSION = YES;
				CLANG_WARN_INFINITE_RECURSION = YES;
				CLANG_WARN_INT_CONVERSION = YES;
				CLANG_WARN_NON_LITERAL_NULL_CONVERSION = YES;
				CLANG_WARN_OBJC_IMPLICIT_RETAIN_SELF = YES;
				CLANG_WARN_OBJC_LITERAL_CONVERSION = YES;
				CLANG_WARN_OBJC_ROOT_CLASS = YES_ERROR;
				CLANG_WARN_RANGE_LOOP_ANALYSIS = YES;
				CLANG_WARN_STRICT_PROTOTYPES = YES;
				CLANG_WARN_SUSPICIOUS_MOVE = YES;
				CLANG_WARN_UNGUARDED_AVAILABILITY = YES_AGGRESSIVE;
				CLANG_WARN_UNREACHABLE_CODE = YES;
				CLANG_WARN__DUPLICATE_METHOD_MATCH = YES;
				CODE_SIGN_IDENTITY = "iPhone Developer";
				COPY_PHASE_STRIP = NO;
				DEBUG_INFORMATION_FORMAT = dwarf;
				ENABLE_STRICT_OBJC_MSGSEND = YES;
				ENABLE_TESTABILITY = YES;
				GCC_C_LANGUAGE_STANDARD = gnu11;
				GCC_DYNAMIC_NO_PIC = NO;
				GCC_NO_COMMON_BLOCKS = YES;
				GCC_OPTIMIZATION_LEVEL = 0;
				GCC_PREPROCESSOR_DEFINITIONS = (
					"DEBUG=1",
					"$(inherited)",
				);
				GCC_WARN_64_TO_32_BIT_CONVERSION = YES;
				GCC_WARN_ABOUT_RETURN_TYPE = YES_ERROR;
				GCC_WARN_UNDECLARED_SELECTOR = YES;
				GCC_WARN_UNINITIALIZED_AUTOS = YES_AGGRESSIVE;
				GCC_WARN_UNUSED_FUNCTION = YES;
				GCC_WARN_UNUSED_VARIABLE = YES;
				IPHONEOS_DEPLOYMENT_TARGET = 12.1;
				MTL_ENABLE_DEBUG_INFO = INCLUDE_SOURCE;
				MTL_FAST_MATH = YES;
				ONLY_ACTIVE_ARCH = YES;
				SDKROOT = iphoneos;
				SWIFT_ACTIVE_COMPILATION_CONDITIONS = DEBUG;
				SWIFT_OPTIMIZATION_LEVEL = "-Onone";
			};
			name = Debug;
		};
		B03F5552220315550085CEB1 /* Release */ = {
			isa = XCBuildConfiguration;
			buildSettings = {
				ALWAYS_SEARCH_USER_PATHS = NO;
				CLANG_ANALYZER_NONNULL = YES;
				CLANG_ANALYZER_NUMBER_OBJECT_CONVERSION = YES_AGGRESSIVE;
				CLANG_CXX_LANGUAGE_STANDARD = "gnu++14";
				CLANG_CXX_LIBRARY = "libc++";
				CLANG_ENABLE_MODULES = YES;
				CLANG_ENABLE_OBJC_ARC = YES;
				CLANG_ENABLE_OBJC_WEAK = YES;
				CLANG_WARN_BLOCK_CAPTURE_AUTORELEASING = YES;
				CLANG_WARN_BOOL_CONVERSION = YES;
				CLANG_WARN_COMMA = YES;
				CLANG_WARN_CONSTANT_CONVERSION = YES;
				CLANG_WARN_DEPRECATED_OBJC_IMPLEMENTATIONS = YES;
				CLANG_WARN_DIRECT_OBJC_ISA_USAGE = YES_ERROR;
				CLANG_WARN_DOCUMENTATION_COMMENTS = YES;
				CLANG_WARN_EMPTY_BODY = YES;
				CLANG_WARN_ENUM_CONVERSION = YES;
				CLANG_WARN_INFINITE_RECURSION = YES;
				CLANG_WARN_INT_CONVERSION = YES;
				CLANG_WARN_NON_LITERAL_NULL_CONVERSION = YES;
				CLANG_WARN_OBJC_IMPLICIT_RETAIN_SELF = YES;
				CLANG_WARN_OBJC_LITERAL_CONVERSION = YES;
				CLANG_WARN_OBJC_ROOT_CLASS = YES_ERROR;
				CLANG_WARN_RANGE_LOOP_ANALYSIS = YES;
				CLANG_WARN_STRICT_PROTOTYPES = YES;
				CLANG_WARN_SUSPICIOUS_MOVE = YES;
				CLANG_WARN_UNGUARDED_AVAILABILITY = YES_AGGRESSIVE;
				CLANG_WARN_UNREACHABLE_CODE = YES;
				CLANG_WARN__DUPLICATE_METHOD_MATCH = YES;
				CODE_SIGN_IDENTITY = "iPhone Developer";
				COPY_PHASE_STRIP = NO;
				DEBUG_INFORMATION_FORMAT = "dwarf-with-dsym";
				ENABLE_NS_ASSERTIONS = NO;
				ENABLE_STRICT_OBJC_MSGSEND = YES;
				GCC_C_LANGUAGE_STANDARD = gnu11;
				GCC_NO_COMMON_BLOCKS = YES;
				GCC_WARN_64_TO_32_BIT_CONVERSION = YES;
				GCC_WARN_ABOUT_RETURN_TYPE = YES_ERROR;
				GCC_WARN_UNDECLARED_SELECTOR = YES;
				GCC_WARN_UNINITIALIZED_AUTOS = YES_AGGRESSIVE;
				GCC_WARN_UNUSED_FUNCTION = YES;
				GCC_WARN_UNUSED_VARIABLE = YES;
				IPHONEOS_DEPLOYMENT_TARGET = 12.1;
				MTL_ENABLE_DEBUG_INFO = NO;
				MTL_FAST_MATH = YES;
				SDKROOT = iphoneos;
				SWIFT_COMPILATION_MODE = wholemodule;
				SWIFT_OPTIMIZATION_LEVEL = "-O";
				VALIDATE_PRODUCT = YES;
			};
			name = Release;
		};
		B03F5554220315550085CEB1 /* Debug */ = {
			isa = XCBuildConfiguration;
			baseConfigurationReference = 763767D6207B40DBCF3C89AB /* Pods-JCPulseAnimatorExample.debug.xcconfig */;
			buildSettings = {
				ALWAYS_EMBED_SWIFT_STANDARD_LIBRARIES = YES;
				ASSETCATALOG_COMPILER_APPICON_NAME = AppIcon;
				CODE_SIGN_STYLE = Automatic;
				INFOPLIST_FILE = JCPulseAnimatorExample/Info.plist;
				IPHONEOS_DEPLOYMENT_TARGET = 10.0;
				LD_RUNPATH_SEARCH_PATHS = (
					"$(inherited)",
					"@executable_path/Frameworks",
				);
				PRODUCT_BUNDLE_IDENTIFIER = com.juancurti.JCPulseAnimatorExample;
				PRODUCT_NAME = "$(TARGET_NAME)";
				SWIFT_VERSION = 4.2;
				TARGETED_DEVICE_FAMILY = "1,2";
			};
			name = Debug;
		};
		B03F5555220315550085CEB1 /* Release */ = {
			isa = XCBuildConfiguration;
			baseConfigurationReference = A709EAFEBD392CD28E44E8B9 /* Pods-JCPulseAnimatorExample.release.xcconfig */;
			buildSettings = {
				ALWAYS_EMBED_SWIFT_STANDARD_LIBRARIES = YES;
				ASSETCATALOG_COMPILER_APPICON_NAME = AppIcon;
				CODE_SIGN_STYLE = Automatic;
				INFOPLIST_FILE = JCPulseAnimatorExample/Info.plist;
				IPHONEOS_DEPLOYMENT_TARGET = 10.0;
				LD_RUNPATH_SEARCH_PATHS = (
					"$(inherited)",
					"@executable_path/Frameworks",
				);
				PRODUCT_BUNDLE_IDENTIFIER = com.juancurti.JCPulseAnimatorExample;
				PRODUCT_NAME = "$(TARGET_NAME)";
				SWIFT_VERSION = 4.2;
				TARGETED_DEVICE_FAMILY = "1,2";
			};
			name = Release;
		};
/* End XCBuildConfiguration section */

/* Begin XCConfigurationList section */
		B03F553C220315530085CEB1 /* Build configuration list for PBXProject "JCPulseAnimatorExample" */ = {
			isa = XCConfigurationList;
			buildConfigurations = (
				B03F5551220315550085CEB1 /* Debug */,
				B03F5552220315550085CEB1 /* Release */,
			);
			defaultConfigurationIsVisible = 0;
			defaultConfigurationName = Release;
		};
		B03F5553220315550085CEB1 /* Build configuration list for PBXNativeTarget "JCPulseAnimatorExample" */ = {
			isa = XCConfigurationList;
			buildConfigurations = (
				B03F5554220315550085CEB1 /* Debug */,
				B03F5555220315550085CEB1 /* Release */,
			);
			defaultConfigurationIsVisible = 0;
			defaultConfigurationName = Release;
		};
/* End XCConfigurationList section */
	};
	rootObject = B03F5539220315530085CEB1 /* Project object */;
}
